
Microsoft Visual Studio Solution File, Format Version 12.00
# Visual Studio Version 17
VisualStudioVersion = 17.13.35931.197 d17.13
MinimumVisualStudioVersion = 10.0.40219.1
Project("{FAE04EC0-301F-11D3-BF4B-00C04F79EFBC}") = "TestTask", "TestTask.csproj", "{948B1B9F-458B-49DB-B4FF-1789F05B41A0}"
EndProject
Global
	GlobalSection(SolutionConfigurationPlatforms) = preSolution
		Debug|Any CPU = Debug|Any CPU
		Release|Any CPU = Release|Any CPU
	EndGlobalSection
	GlobalSection(ProjectConfigurationPlatforms) = postSolution
		{948B1B9F-458B-49DB-B4FF-1789F05B41A0}.Debug|Any CPU.ActiveCfg = Debug|Any CPU
		{948B1B9F-458B-49DB-B4FF-1789F05B41A0}.Debug|Any CPU.Build.0 = Debug|Any CPU
		{948B1B9F-458B-49DB-B4FF-1789F05B41A0}.Release|Any CPU.ActiveCfg = Release|Any CPU
		{948B1B9F-458B-49DB-B4FF-1789F05B41A0}.Release|Any CPU.Build.0 = Release|Any CPU
	EndGlobalSection
	GlobalSection(SolutionProperties) = preSolution
		HideSolutionNode = FALSE
	EndGlobalSection
	GlobalSection(ExtensibilityGlobals) = postSolution
		SolutionGuid = {28CAC118-8D20-48FA-B933-0EEA3A0A264A}
	EndGlobalSection
EndGlobal
